
Microsoft Visual Studio Solution File, Format Version 12.00
# Visual Studio 2012
Project("{2150E333-8FDC-42A3-9474-1A3956D46DE8}") = "Iveely.CloudComputting", "Iveely.CloudComputting", "{456AA3BF-F2BE-4979-9CC6-FF1BE180FDAD}"
EndProject
Project("{2150E333-8FDC-42A3-9474-1A3956D46DE8}") = "Dependency", "Dependency", "{B40A826B-7BE9-4629-BE4A-69809B06560D}"
EndProject
Project("{FAE04EC0-301F-11D3-BF4B-00C04F79EFBC}") = "Iveely.CloudComputting.Cache", "Iveely.CloudComputting\Iveely.CloudComputting.Cache\Iveely.CloudComputting.Cache.csproj", "{4E3B627F-42F8-4DC1-A15E-243926A4331F}"
EndProject
Project("{FAE04EC0-301F-11D3-BF4B-00C04F79EFBC}") = "Iveely.Framework", "Iveely.Framework\Iveely.Framework\Iveely.Framework.csproj", "{AA439DCD-106A-4C8F-8277-8130E902C779}"
EndProject
Project("{FAE04EC0-301F-11D3-BF4B-00C04F79EFBC}") = "log4net", "Dependency\Log4Net\log4net.csproj", "{181FE707-E161-4722-9F38-6AAAB6FAA106}"
EndProject
Project("{FAE04EC0-301F-11D3-BF4B-00C04F79EFBC}") = "Iveely.CloudComputting.Configuration", "Iveely.CloudComputting\Iveely.CloudComputting.Configuration\Iveely.CloudComputting.Configuration.csproj", "{B063A687-75BA-46FD-B64E-44A3DB24F54F}"
EndProject
Project("{FAE04EC0-301F-11D3-BF4B-00C04F79EFBC}") = "Iveely.CloudComputting.StateCenter", "Iveely.CloudComputting\Iveely.CloudComputting.StateCenter\Iveely.CloudComputting.StateCenter.csproj", "{27673794-BF5E-48EB-A407-E62D50DBD9B3}"
EndProject
Project("{FAE04EC0-301F-11D3-BF4B-00C04F79EFBC}") = "Iveely.CloudComputting.Merger", "Iveely.CloudComputting\Iveely.CloudComputting.Merger\Iveely.CloudComputting.Merger.csproj", "{DFA52A30-8A06-42F0-A6F1-49D34497B8A9}"
EndProject
Project("{FAE04EC0-301F-11D3-BF4B-00C04F79EFBC}") = "Iveely.CloudComputting.Worker", "Iveely.CloudComputting\Iveely.CloudComputting.Worker\Iveely.CloudComputting.Worker.csproj", "{9019195F-FC24-459C-82DE-4D6E4F8B0CC7}"
EndProject
Project("{FAE04EC0-301F-11D3-BF4B-00C04F79EFBC}") = "Iveely.CloudComputting.Client", "Iveely.CloudComputting\Iveely.CloudComputting.Client\Iveely.CloudComputting.Client.csproj", "{3AECFEEF-5E6E-484E-8B64-CB89D9339284}"
EndProject
Project("{FAE04EC0-301F-11D3-BF4B-00C04F79EFBC}") = "Iveely.CloudComputting.StateCommon", "Iveely.CloudComputting\Iveely.CloudComputting.StateCommon\Iveely.CloudComputting.StateCommon.csproj", "{15419790-4D10-44F7-855E-C12037115FE1}"
EndProject
Project("{FAE04EC0-301F-11D3-BF4B-00C04F79EFBC}") = "Iveely.CloudComputting.StateAPI", "Iveely.CloudComputting\Iveely.CloudComputting.StateAPI\Iveely.CloudComputting.StateAPI.csproj", "{394ECE63-79BF-4758-992F-BC23975FE10A}"
EndProject
Project("{FAE04EC0-301F-11D3-BF4B-00C04F79EFBC}") = "Iveely.CloudComputting.IntegrationTesting", "Iveely.CloudComputting\Iveely.CloudComputting.IntegrationTesting\Iveely.CloudComputting.IntegrationTesting.csproj", "{EA0177B5-9EE3-4656-AB56-B5CF4AA3D982}"
EndProject
Project("{FAE04EC0-301F-11D3-BF4B-00C04F79EFBC}") = "Iveely.CloudComputting.MergerCommon", "Iveely.CloudComputting\Iveely.CloudComputting.MergerCommon\Iveely.CloudComputting.MergerCommon.csproj", "{FC94189A-EA54-4FB3-9CC3-708FDFC0BA4B}"
EndProject
Project("{FAE04EC0-301F-11D3-BF4B-00C04F79EFBC}") = "Iveely.CloudComputting.CacheCommon", "Iveely.CloudComputting\Iveely.CloudComputting.CacheCommon\Iveely.CloudComputting.CacheCommon.csproj", "{E375FF72-F36B-4EBF-ABA0-691944E1119A}"
EndProject
Project("{FAE04EC0-301F-11D3-BF4B-00C04F79EFBC}") = "Iveely.CloudComputting.CacheAPI", "Iveely.CloudComputting\Iveely.CloudComputting.CacheAPI\Iveely.CloudComputting.CacheAPI.csproj", "{A153F408-FFA3-45BE-9886-15E0D4BC06E7}"
EndProject
Project("{FAE04EC0-301F-11D3-BF4B-00C04F79EFBC}") = "HtmlAgilityPack", "Dependency\HtmlAgilityPack\HtmlAgilityPack.csproj", "{193BB801-054F-4729-9D5D-FCE1E32594BF}"
EndProject
Project("{FAE04EC0-301F-11D3-BF4B-00C04F79EFBC}") = "Iveely.SearchEngine", "Iveely.SearchEngine\Iveely.SearchEngine.csproj", "{DAF40080-9414-41CE-8891-98F00ECFB6E8}"
EndProject
Global
	GlobalSection(SolutionConfigurationPlatforms) = preSolution
		Debug|Any CPU = Debug|Any CPU
		Release|Any CPU = Release|Any CPU
	EndGlobalSection
	GlobalSection(ProjectConfigurationPlatforms) = postSolution
		{4E3B627F-42F8-4DC1-A15E-243926A4331F}.Debug|Any CPU.ActiveCfg = Debug|Any CPU
		{4E3B627F-42F8-4DC1-A15E-243926A4331F}.Debug|Any CPU.Build.0 = Debug|Any CPU
		{4E3B627F-42F8-4DC1-A15E-243926A4331F}.Release|Any CPU.ActiveCfg = Release|Any CPU
		{4E3B627F-42F8-4DC1-A15E-243926A4331F}.Release|Any CPU.Build.0 = Release|Any CPU
		{AA439DCD-106A-4C8F-8277-8130E902C779}.Debug|Any CPU.ActiveCfg = Debug|Any CPU
		{AA439DCD-106A-4C8F-8277-8130E902C779}.Debug|Any CPU.Build.0 = Debug|Any CPU
		{AA439DCD-106A-4C8F-8277-8130E902C779}.Release|Any CPU.ActiveCfg = Release|Any CPU
		{AA439DCD-106A-4C8F-8277-8130E902C779}.Release|Any CPU.Build.0 = Release|Any CPU
		{181FE707-E161-4722-9F38-6AAAB6FAA106}.Debug|Any CPU.ActiveCfg = Debug|Any CPU
		{181FE707-E161-4722-9F38-6AAAB6FAA106}.Debug|Any CPU.Build.0 = Debug|Any CPU
		{181FE707-E161-4722-9F38-6AAAB6FAA106}.Release|Any CPU.ActiveCfg = Release|Any CPU
		{181FE707-E161-4722-9F38-6AAAB6FAA106}.Release|Any CPU.Build.0 = Release|Any CPU
		{B063A687-75BA-46FD-B64E-44A3DB24F54F}.Debug|Any CPU.ActiveCfg = Debug|Any CPU
		{B063A687-75BA-46FD-B64E-44A3DB24F54F}.Debug|Any CPU.Build.0 = Debug|Any CPU
		{B063A687-75BA-46FD-B64E-44A3DB24F54F}.Release|Any CPU.ActiveCfg = Release|Any CPU
		{B063A687-75BA-46FD-B64E-44A3DB24F54F}.Release|Any CPU.Build.0 = Release|Any CPU
		{27673794-BF5E-48EB-A407-E62D50DBD9B3}.Debug|Any CPU.ActiveCfg = Debug|Any CPU
		{27673794-BF5E-48EB-A407-E62D50DBD9B3}.Debug|Any CPU.Build.0 = Debug|Any CPU
		{27673794-BF5E-48EB-A407-E62D50DBD9B3}.Release|Any CPU.ActiveCfg = Release|Any CPU
		{27673794-BF5E-48EB-A407-E62D50DBD9B3}.Release|Any CPU.Build.0 = Release|Any CPU
		{DFA52A30-8A06-42F0-A6F1-49D34497B8A9}.Debug|Any CPU.ActiveCfg = Debug|Any CPU
		{DFA52A30-8A06-42F0-A6F1-49D34497B8A9}.Debug|Any CPU.Build.0 = Debug|Any CPU
		{DFA52A30-8A06-42F0-A6F1-49D34497B8A9}.Release|Any CPU.ActiveCfg = Release|Any CPU
		{DFA52A30-8A06-42F0-A6F1-49D34497B8A9}.Release|Any CPU.Build.0 = Release|Any CPU
		{9019195F-FC24-459C-82DE-4D6E4F8B0CC7}.Debug|Any CPU.ActiveCfg = Debug|Any CPU
		{9019195F-FC24-459C-82DE-4D6E4F8B0CC7}.Debug|Any CPU.Build.0 = Debug|Any CPU
		{9019195F-FC24-459C-82DE-4D6E4F8B0CC7}.Release|Any CPU.ActiveCfg = Release|Any CPU
		{9019195F-FC24-459C-82DE-4D6E4F8B0CC7}.Release|Any CPU.Build.0 = Release|Any CPU
		{3AECFEEF-5E6E-484E-8B64-CB89D9339284}.Debug|Any CPU.ActiveCfg = Debug|Any CPU
		{3AECFEEF-5E6E-484E-8B64-CB89D9339284}.Debug|Any CPU.Build.0 = Debug|Any CPU
		{3AECFEEF-5E6E-484E-8B64-CB89D9339284}.Release|Any CPU.ActiveCfg = Release|Any CPU
		{3AECFEEF-5E6E-484E-8B64-CB89D9339284}.Release|Any CPU.Build.0 = Release|Any CPU
		{15419790-4D10-44F7-855E-C12037115FE1}.Debug|Any CPU.ActiveCfg = Debug|Any CPU
		{15419790-4D10-44F7-855E-C12037115FE1}.Debug|Any CPU.Build.0 = Debug|Any CPU
		{15419790-4D10-44F7-855E-C12037115FE1}.Release|Any CPU.ActiveCfg = Release|Any CPU
		{15419790-4D10-44F7-855E-C12037115FE1}.Release|Any CPU.Build.0 = Release|Any CPU
		{394ECE63-79BF-4758-992F-BC23975FE10A}.Debug|Any CPU.ActiveCfg = Debug|Any CPU
		{394ECE63-79BF-4758-992F-BC23975FE10A}.Debug|Any CPU.Build.0 = Debug|Any CPU
		{394ECE63-79BF-4758-992F-BC23975FE10A}.Release|Any CPU.ActiveCfg = Release|Any CPU
		{394ECE63-79BF-4758-992F-BC23975FE10A}.Release|Any CPU.Build.0 = Release|Any CPU
		{EA0177B5-9EE3-4656-AB56-B5CF4AA3D982}.Debug|Any CPU.ActiveCfg = Debug|Any CPU
		{EA0177B5-9EE3-4656-AB56-B5CF4AA3D982}.Debug|Any CPU.Build.0 = Debug|Any CPU
		{EA0177B5-9EE3-4656-AB56-B5CF4AA3D982}.Release|Any CPU.ActiveCfg = Release|Any CPU
		{EA0177B5-9EE3-4656-AB56-B5CF4AA3D982}.Release|Any CPU.Build.0 = Release|Any CPU
		{FC94189A-EA54-4FB3-9CC3-708FDFC0BA4B}.Debug|Any CPU.ActiveCfg = Debug|Any CPU
		{FC94189A-EA54-4FB3-9CC3-708FDFC0BA4B}.Debug|Any CPU.Build.0 = Debug|Any CPU
		{FC94189A-EA54-4FB3-9CC3-708FDFC0BA4B}.Release|Any CPU.ActiveCfg = Release|Any CPU
		{FC94189A-EA54-4FB3-9CC3-708FDFC0BA4B}.Release|Any CPU.Build.0 = Release|Any CPU
		{E375FF72-F36B-4EBF-ABA0-691944E1119A}.Debug|Any CPU.ActiveCfg = Debug|Any CPU
		{E375FF72-F36B-4EBF-ABA0-691944E1119A}.Debug|Any CPU.Build.0 = Debug|Any CPU
		{E375FF72-F36B-4EBF-ABA0-691944E1119A}.Release|Any CPU.ActiveCfg = Release|Any CPU
		{E375FF72-F36B-4EBF-ABA0-691944E1119A}.Release|Any CPU.Build.0 = Release|Any CPU
		{A153F408-FFA3-45BE-9886-15E0D4BC06E7}.Debug|Any CPU.ActiveCfg = Debug|Any CPU
		{A153F408-FFA3-45BE-9886-15E0D4BC06E7}.Debug|Any CPU.Build.0 = Debug|Any CPU
		{A153F408-FFA3-45BE-9886-15E0D4BC06E7}.Release|Any CPU.ActiveCfg = Release|Any CPU
		{A153F408-FFA3-45BE-9886-15E0D4BC06E7}.Release|Any CPU.Build.0 = Release|Any CPU
		{193BB801-054F-4729-9D5D-FCE1E32594BF}.Debug|Any CPU.ActiveCfg = Debug|Any CPU
		{193BB801-054F-4729-9D5D-FCE1E32594BF}.Debug|Any CPU.Build.0 = Debug|Any CPU
		{193BB801-054F-4729-9D5D-FCE1E32594BF}.Release|Any CPU.ActiveCfg = Release|Any CPU
		{193BB801-054F-4729-9D5D-FCE1E32594BF}.Release|Any CPU.Build.0 = Release|Any CPU
		{DAF40080-9414-41CE-8891-98F00ECFB6E8}.Debug|Any CPU.ActiveCfg = Debug|Any CPU
		{DAF40080-9414-41CE-8891-98F00ECFB6E8}.Debug|Any CPU.Build.0 = Debug|Any CPU
		{DAF40080-9414-41CE-8891-98F00ECFB6E8}.Release|Any CPU.ActiveCfg = Release|Any CPU
		{DAF40080-9414-41CE-8891-98F00ECFB6E8}.Release|Any CPU.Build.0 = Release|Any CPU
	EndGlobalSection
	GlobalSection(SolutionProperties) = preSolution
		HideSolutionNode = FALSE
	EndGlobalSection
	GlobalSection(NestedProjects) = preSolution
		{4E3B627F-42F8-4DC1-A15E-243926A4331F} = {456AA3BF-F2BE-4979-9CC6-FF1BE180FDAD}
		{B063A687-75BA-46FD-B64E-44A3DB24F54F} = {456AA3BF-F2BE-4979-9CC6-FF1BE180FDAD}
		{27673794-BF5E-48EB-A407-E62D50DBD9B3} = {456AA3BF-F2BE-4979-9CC6-FF1BE180FDAD}
		{DFA52A30-8A06-42F0-A6F1-49D34497B8A9} = {456AA3BF-F2BE-4979-9CC6-FF1BE180FDAD}
		{9019195F-FC24-459C-82DE-4D6E4F8B0CC7} = {456AA3BF-F2BE-4979-9CC6-FF1BE180FDAD}
		{3AECFEEF-5E6E-484E-8B64-CB89D9339284} = {456AA3BF-F2BE-4979-9CC6-FF1BE180FDAD}
		{15419790-4D10-44F7-855E-C12037115FE1} = {456AA3BF-F2BE-4979-9CC6-FF1BE180FDAD}
		{394ECE63-79BF-4758-992F-BC23975FE10A} = {456AA3BF-F2BE-4979-9CC6-FF1BE180FDAD}
		{EA0177B5-9EE3-4656-AB56-B5CF4AA3D982} = {456AA3BF-F2BE-4979-9CC6-FF1BE180FDAD}
		{FC94189A-EA54-4FB3-9CC3-708FDFC0BA4B} = {456AA3BF-F2BE-4979-9CC6-FF1BE180FDAD}
		{E375FF72-F36B-4EBF-ABA0-691944E1119A} = {456AA3BF-F2BE-4979-9CC6-FF1BE180FDAD}
		{A153F408-FFA3-45BE-9886-15E0D4BC06E7} = {456AA3BF-F2BE-4979-9CC6-FF1BE180FDAD}
		{181FE707-E161-4722-9F38-6AAAB6FAA106} = {B40A826B-7BE9-4629-BE4A-69809B06560D}
		{193BB801-054F-4729-9D5D-FCE1E32594BF} = {B40A826B-7BE9-4629-BE4A-69809B06560D}
	EndGlobalSection
EndGlobal
